github.com/allegro/bigcache v1.2.0 h1:qDaE0QoF29wKBb3+pXFrJFy1ihe5OT9OiXhg1t85SxM=
github.com/allegro/bigcache v1.2.0/go.mod h1:Cb/ax3seSYIx7SuZdm2G2xzfwmv3TPSk2ucNfQESPXM=
github.com/go-redis/redis v6.15.2+incompatible h1:9SpNVG76gr6InJGxoZ6IuuxaCOQwDAhzyXg+Bs+0Sb4=
github.com/go-redis/redis v6.15.2+incompatible/go.mod h1:NAIEuMOZ/fxfXJIrKDQDz8wamY7mA7PouImQ2Jvg6kA=
github.com/golang/mock v1.2.0 h1:28o5sBqPkBsMGnC6b4MvE2TzSr5/AT4c/1fLqVGIwlk=
github.com/golang/mock v1.2.0/go.mod h1:oTYuIxOrZwtPieC+H1uAHpcLFnEyAGVDL/k47Jfbm0A=
golang.org/x/xerrors v0.0.0-20190410155217-1f06c39b4373 h1:PPwnA7z1Pjf7XYaBP9GL1VAMZmcIWyFz7QCMSIIa3Bg=
golang.org/x/xerrors v0.0.0-20190410155217-1f06c39b4373/go.mod h1:I/5z698sn9Ka8TeJc9MKroUUfqBBauWjQqLJ2OPfmY0=
